schema: '2.0'
stages:
  data_splitting:
    cmd: python src/data/data_splitting.py
    deps:
    - path: src/data/data_splitting.py
      hash: md5
      md5: 7fd61dfe5c509fba8b95787a0d02c9f7
      size: 694
    outs:
    - path: data/processed_data/X_test.csv
      hash: md5
      md5: 0e96e0ba3291417bed53b54b1f652a9d
      size: 52866
    - path: data/processed_data/X_train.csv
      hash: md5
      md5: 9c692a66c13c842645c9050e64165de0
      size: 210339
    - path: data/processed_data/y_test.csv
      hash: md5
      md5: f4af67a3212ab00e1efdd89341223f56
      size: 6473
    - path: data/processed_data/y_train.csv
      hash: md5
      md5: adf073bca29464cdfad732520f736bde
      size: 26009
  data_normalization:
    cmd: python src/data/data_normalization.py
    deps:
    - path: data/processed_data/X_test.csv
      hash: md5
      md5: 0e96e0ba3291417bed53b54b1f652a9d
      size: 52866
    - path: data/processed_data/X_train.csv
      hash: md5
      md5: 9c692a66c13c842645c9050e64165de0
      size: 210339
    - path: src/data/data_normalization.py
      hash: md5
      md5: 9cc67615166fcfa34c1018f412b29715
      size: 626
    outs:
    - path: data/processed_data/X_test_scaled.csv
      hash: md5
      md5: e6ecc20747bef12fd87485ad86ffe375
      size: 57051
    - path: data/processed_data/X_train_scaled.csv
      hash: md5
      md5: 5a53ba4e8232e6b1cd840e260550b65f
      size: 227423
  grid_search:
    cmd: python src/data/grid_search.py
    deps:
    - path: data/processed_data/X_train_scaled.csv
      hash: md5
      md5: 5a53ba4e8232e6b1cd840e260550b65f
      size: 227423
    - path: data/processed_data/y_train.csv
      hash: md5
      md5: adf073bca29464cdfad732520f736bde
      size: 26009
    - path: src/data/grid_search.py
      hash: md5
      md5: 75e17de33d41099bb41d688a0f3465ae
      size: 1203
    outs:
    - path: models/best_rf_params.pkl
      hash: md5
      md5: aa919feca57940999b0e2f18911424d5
      size: 112
  model_training:
    cmd: python src/data/model_training.py
    deps:
    - path: data/processed_data/X_train_scaled.csv
      hash: md5
      md5: 5a53ba4e8232e6b1cd840e260550b65f
      size: 227423
    - path: data/processed_data/y_train.csv
      hash: md5
      md5: adf073bca29464cdfad732520f736bde
      size: 26009
    - path: models/best_rf_params.pkl
      hash: md5
      md5: aa919feca57940999b0e2f18911424d5
      size: 112
    - path: src/data/model_training.py
      hash: md5
      md5: c03928620e00e45ae982af54aad4eb58
      size: 549
    outs:
    - path: models/best_rf_model.pkl
      hash: md5
      md5: 8e88cfa2461ffca36e82450f71d3afd6
      size: 5492806
  model_evaluation:
    cmd: python src/data/model_eval.py
    deps:
    - path: data/processed_data/X_test_scaled.csv
      hash: md5
      md5: e6ecc20747bef12fd87485ad86ffe375
      size: 57051
    - path: data/processed_data/y_test.csv
      hash: md5
      md5: f4af67a3212ab00e1efdd89341223f56
      size: 6473
    - path: models/best_rf_model.pkl
      hash: md5
      md5: 8e88cfa2461ffca36e82450f71d3afd6
      size: 5492806
    - path: src/data/model_eval.py
      hash: md5
      md5: da2fccae9859a6e59d5504e7ead9f9ea
      size: 802
    outs:
    - path: metrics/scores.json
      hash: md5
      md5: c7419da8a305c695ea0ff65b3fb983ea
      size: 84
